
Microsoft Visual Studio Solution File, Format Version 12.00
# Visual Studio Version 16
VisualStudioVersion = 16.0.31112.23
MinimumVisualStudioVersion = 10.0.40219.1
Project("{FAE04EC0-301F-11D3-BF4B-00C04F79EFBC}") = "DesignPattern_Observer", "DesignPattern_Observer\DesignPattern_Observer.csproj", "{1F4A89F1-F80C-4936-9DCF-96261E7FCE6E}"
EndProject
Global
	GlobalSection(SolutionConfigurationPlatforms) = preSolution
		Debug|Any CPU = Debug|Any CPU
		Release|Any CPU = Release|Any CPU
	EndGlobalSection
	GlobalSection(ProjectConfigurationPlatforms) = postSolution
		{1F4A89F1-F80C-4936-9DCF-96261E7FCE6E}.Debug|Any CPU.ActiveCfg = Debug|Any CPU
		{1F4A89F1-F80C-4936-9DCF-96261E7FCE6E}.Debug|Any CPU.Build.0 = Debug|Any CPU
		{1F4A89F1-F80C-4936-9DCF-96261E7FCE6E}.Release|Any CPU.ActiveCfg = Release|Any CPU
		{1F4A89F1-F80C-4936-9DCF-96261E7FCE6E}.Release|Any CPU.Build.0 = Release|Any CPU
	EndGlobalSection
	GlobalSection(SolutionProperties) = preSolution
		HideSolutionNode = FALSE
	EndGlobalSection
	GlobalSection(ExtensibilityGlobals) = postSolution
		SolutionGuid = {2F9EB293-6E6E-4721-BFD4-EB01DA75BF23}
	EndGlobalSection
EndGlobal
